
Microsoft Visual Studio Solution File, Format Version 12.00
# Visual Studio 15
Project("{FAE04EC0-301F-11D3-BF4B-00C04F79EFBC}") = "Arraylap1", "Arraylap1\Arraylap1.csproj", "{0495DB05-A0CA-43A5-8538-9313D2180A37}"
EndProject
Global
	GlobalSection(SolutionConfigurationPlatforms) = preSolution
		Debug|anycpu = Debug|anycpu
		Release|anycpu = Release|anycpu
	EndGlobalSection
	GlobalSection(ProjectConfigurationPlatforms) = postSolution
		{0495DB05-A0CA-43A5-8538-9313D2180A37}.Debug|anycpu.ActiveCfg = Debug|anycpu
		{0495DB05-A0CA-43A5-8538-9313D2180A37}.Debug|anycpu.Build.0 = Debug|anycpu
		{0495DB05-A0CA-43A5-8538-9313D2180A37}.Release|anycpu.ActiveCfg = Release|anycpu
		{0495DB05-A0CA-43A5-8538-9313D2180A37}.Release|anycpu.Build.0 = Release|anycpu
	EndGlobalSection
EndGlobal
